
Microsoft Visual Studio Solution File, Format Version 12.00
# Visual Studio Version 17
VisualStudioVersion = 17.9.34728.123
MinimumVisualStudioVersion = 10.0.40219.1
Project("{2150E333-8FDC-42A3-9474-1A3956D46DE8}") = "Services", "Services", "{FC71CDDC-E210-4DF2-B77B-1BDF2287C791}"
EndProject
Project("{2150E333-8FDC-42A3-9474-1A3956D46DE8}") = "Product", "Product", "{B722C5A4-BCEA-4ACA-BE20-5A853D5E2032}"
EndProject
Project("{2150E333-8FDC-42A3-9474-1A3956D46DE8}") = "Command", "Command", "{AE1ED437-91B4-46EE-8B8E-93FF8A825792}"
EndProject
Project("{2150E333-8FDC-42A3-9474-1A3956D46DE8}") = "Query", "Query", "{7C737E2D-D756-427E-85DC-313AF1FF0E83}"
EndProject
Project("{9A19103F-16F7-4668-BE54-9A1E7A4F7556}") = "CommandApi", "Services\Product\Command\CommandApi\CommandApi.csproj", "{C0019330-89B4-4DCF-8E59-ABF5BDA2B16E}"
EndProject
Project("{9A19103F-16F7-4668-BE54-9A1E7A4F7556}") = "QueryApi", "Services\Product\Query\QueryApi\QueryApi.csproj", "{D683E01A-7C11-4E60-B883-6002A36D226D}"
EndProject
Project("{9A19103F-16F7-4668-BE54-9A1E7A4F7556}") = "Domain", "Services\Product\Command\Domain\Domain.csproj", "{EC05ADA1-9A36-41F4-B44C-6710215F215D}"
EndProject
Project("{9A19103F-16F7-4668-BE54-9A1E7A4F7556}") = "Application", "Services\Product\Command\Application\Application.csproj", "{9DFC1298-6B0D-4305-B68A-B8B44C54A412}"
EndProject
Project("{9A19103F-16F7-4668-BE54-9A1E7A4F7556}") = "Infrastructure", "Services\Product\Command\Infrastructure\Infrastructure.csproj", "{86F777C4-975F-464A-B7FD-D31542740EFA}"
EndProject
Project("{9A19103F-16F7-4668-BE54-9A1E7A4F7556}") = "Application", "Services\Product\Query\Application\Application.csproj", "{C3963321-D9CE-4BF4-ACCB-40C6EB00264B}"
EndProject
Project("{FAE04EC0-301F-11D3-BF4B-00C04F79EFBC}") = "Domain", "Services\Product\Query\Domain\Domain.csproj", "{16E2A784-15CD-4383-AB44-CD5DBFECD9F4}"
EndProject
Project("{FAE04EC0-301F-11D3-BF4B-00C04F79EFBC}") = "Infrastructure", "Services\Product\Query\Infrastructure\Infrastructure.csproj", "{9EB9C474-98EA-4B30-BFF3-85176F9F1419}"
EndProject
Global
	GlobalSection(SolutionConfigurationPlatforms) = preSolution
		Debug|Any CPU = Debug|Any CPU
		Release|Any CPU = Release|Any CPU
	EndGlobalSection
	GlobalSection(ProjectConfigurationPlatforms) = postSolution
		{C0019330-89B4-4DCF-8E59-ABF5BDA2B16E}.Debug|Any CPU.ActiveCfg = Debug|Any CPU
		{C0019330-89B4-4DCF-8E59-ABF5BDA2B16E}.Debug|Any CPU.Build.0 = Debug|Any CPU
		{C0019330-89B4-4DCF-8E59-ABF5BDA2B16E}.Release|Any CPU.ActiveCfg = Release|Any CPU
		{C0019330-89B4-4DCF-8E59-ABF5BDA2B16E}.Release|Any CPU.Build.0 = Release|Any CPU
		{D683E01A-7C11-4E60-B883-6002A36D226D}.Debug|Any CPU.ActiveCfg = Debug|Any CPU
		{D683E01A-7C11-4E60-B883-6002A36D226D}.Debug|Any CPU.Build.0 = Debug|Any CPU
		{D683E01A-7C11-4E60-B883-6002A36D226D}.Release|Any CPU.ActiveCfg = Release|Any CPU
		{D683E01A-7C11-4E60-B883-6002A36D226D}.Release|Any CPU.Build.0 = Release|Any CPU
		{EC05ADA1-9A36-41F4-B44C-6710215F215D}.Debug|Any CPU.ActiveCfg = Debug|Any CPU
		{EC05ADA1-9A36-41F4-B44C-6710215F215D}.Debug|Any CPU.Build.0 = Debug|Any CPU
		{EC05ADA1-9A36-41F4-B44C-6710215F215D}.Release|Any CPU.ActiveCfg = Release|Any CPU
		{EC05ADA1-9A36-41F4-B44C-6710215F215D}.Release|Any CPU.Build.0 = Release|Any CPU
		{9DFC1298-6B0D-4305-B68A-B8B44C54A412}.Debug|Any CPU.ActiveCfg = Debug|Any CPU
		{9DFC1298-6B0D-4305-B68A-B8B44C54A412}.Debug|Any CPU.Build.0 = Debug|Any CPU
		{9DFC1298-6B0D-4305-B68A-B8B44C54A412}.Release|Any CPU.ActiveCfg = Release|Any CPU
		{9DFC1298-6B0D-4305-B68A-B8B44C54A412}.Release|Any CPU.Build.0 = Release|Any CPU
		{86F777C4-975F-464A-B7FD-D31542740EFA}.Debug|Any CPU.ActiveCfg = Debug|Any CPU
		{86F777C4-975F-464A-B7FD-D31542740EFA}.Debug|Any CPU.Build.0 = Debug|Any CPU
		{86F777C4-975F-464A-B7FD-D31542740EFA}.Release|Any CPU.ActiveCfg = Release|Any CPU
		{86F777C4-975F-464A-B7FD-D31542740EFA}.Release|Any CPU.Build.0 = Release|Any CPU
		{C3963321-D9CE-4BF4-ACCB-40C6EB00264B}.Debug|Any CPU.ActiveCfg = Debug|Any CPU
		{C3963321-D9CE-4BF4-ACCB-40C6EB00264B}.Debug|Any CPU.Build.0 = Debug|Any CPU
		{C3963321-D9CE-4BF4-ACCB-40C6EB00264B}.Release|Any CPU.ActiveCfg = Release|Any CPU
		{C3963321-D9CE-4BF4-ACCB-40C6EB00264B}.Release|Any CPU.Build.0 = Release|Any CPU
		{16E2A784-15CD-4383-AB44-CD5DBFECD9F4}.Debug|Any CPU.ActiveCfg = Debug|Any CPU
		{16E2A784-15CD-4383-AB44-CD5DBFECD9F4}.Debug|Any CPU.Build.0 = Debug|Any CPU
		{16E2A784-15CD-4383-AB44-CD5DBFECD9F4}.Release|Any CPU.ActiveCfg = Release|Any CPU
		{16E2A784-15CD-4383-AB44-CD5DBFECD9F4}.Release|Any CPU.Build.0 = Release|Any CPU
		{9EB9C474-98EA-4B30-BFF3-85176F9F1419}.Debug|Any CPU.ActiveCfg = Debug|Any CPU
		{9EB9C474-98EA-4B30-BFF3-85176F9F1419}.Debug|Any CPU.Build.0 = Debug|Any CPU
		{9EB9C474-98EA-4B30-BFF3-85176F9F1419}.Release|Any CPU.ActiveCfg = Release|Any CPU
		{9EB9C474-98EA-4B30-BFF3-85176F9F1419}.Release|Any CPU.Build.0 = Release|Any CPU
	EndGlobalSection
	GlobalSection(SolutionProperties) = preSolution
		HideSolutionNode = FALSE
	EndGlobalSection
	GlobalSection(NestedProjects) = preSolution
		{B722C5A4-BCEA-4ACA-BE20-5A853D5E2032} = {FC71CDDC-E210-4DF2-B77B-1BDF2287C791}
		{AE1ED437-91B4-46EE-8B8E-93FF8A825792} = {B722C5A4-BCEA-4ACA-BE20-5A853D5E2032}
		{7C737E2D-D756-427E-85DC-313AF1FF0E83} = {B722C5A4-BCEA-4ACA-BE20-5A853D5E2032}
		{C0019330-89B4-4DCF-8E59-ABF5BDA2B16E} = {AE1ED437-91B4-46EE-8B8E-93FF8A825792}
		{D683E01A-7C11-4E60-B883-6002A36D226D} = {7C737E2D-D756-427E-85DC-313AF1FF0E83}
		{EC05ADA1-9A36-41F4-B44C-6710215F215D} = {AE1ED437-91B4-46EE-8B8E-93FF8A825792}
		{9DFC1298-6B0D-4305-B68A-B8B44C54A412} = {AE1ED437-91B4-46EE-8B8E-93FF8A825792}
		{86F777C4-975F-464A-B7FD-D31542740EFA} = {AE1ED437-91B4-46EE-8B8E-93FF8A825792}
		{C3963321-D9CE-4BF4-ACCB-40C6EB00264B} = {7C737E2D-D756-427E-85DC-313AF1FF0E83}
		{16E2A784-15CD-4383-AB44-CD5DBFECD9F4} = {7C737E2D-D756-427E-85DC-313AF1FF0E83}
		{9EB9C474-98EA-4B30-BFF3-85176F9F1419} = {7C737E2D-D756-427E-85DC-313AF1FF0E83}
	EndGlobalSection
	GlobalSection(ExtensibilityGlobals) = postSolution
		SolutionGuid = {9A2DBEC6-AC59-4C52-9040-D1E23E99DDBD}
	EndGlobalSection
EndGlobal
